{
  "version": 4,
  "terraform_version": "1.1.2",
  "serial": 14,
  "lineage": "2e5f29d2-387f-97ef-c6bc-07697d47add1",
  "outputs": {},
  "resources": [
    {
      "mode": "managed",
      "type": "google_compute_firewall",
      "name": "firewall-iap",
      "provider": "provider[\"registry.terraform.io/hashicorp/google\"]",
      "instances": [
        {
          "schema_version": 1,
          "attributes": {
            "allow": [
              {
                "ports": [
                  "80",
                  "22"
                ],
                "protocol": "tcp"
              }
            ],
            "creation_timestamp": "2022-01-12T12:38:40.854-08:00",
            "deny": [],
            "description": "",
            "destination_ranges": [],
            "direction": "INGRESS",
            "disabled": false,
            "enable_logging": null,
            "id": "projects/gcp-final-338018/global/firewalls/firewall-iap",
            "log_config": [],
            "name": "firewall-iap",
            "network": "https://www.googleapis.com/compute/v1/projects/gcp-final-338018/global/networks/main-vpc",
            "priority": 1000,
            "project": "gcp-final-338018",
            "self_link": "https://www.googleapis.com/compute/v1/projects/gcp-final-338018/global/firewalls/firewall-iap",
            "source_ranges": [
              "35.235.240.0/20"
            ],
            "source_service_accounts": null,
            "source_tags": null,
            "target_service_accounts": null,
            "target_tags": null,
            "timeouts": null
          },
          "sensitive_attributes": [],
          "private": "eyJlMmJmYjczMC1lY2FhLTExZTYtOGY4OC0zNDM2M2JjN2M0YzAiOnsiY3JlYXRlIjoyNDAwMDAwMDAwMDAsImRlbGV0ZSI6MjQwMDAwMDAwMDAwLCJ1cGRhdGUiOjI0MDAwMDAwMDAwMH0sInNjaGVtYV92ZXJzaW9uIjoiMSJ9",
          "dependencies": [
            "google_compute_network.my_vpc"
          ]
        }
      ]
    },
    {
      "mode": "managed",
      "type": "google_compute_instance",
      "name": "private-vm",
      "provider": "provider[\"registry.terraform.io/hashicorp/google\"]",
      "instances": [
        {
          "schema_version": 6,
          "attributes": {
            "advanced_machine_features": [],
            "allow_stopping_for_update": null,
            "attached_disk": [],
            "boot_disk": [
              {
                "auto_delete": true,
                "device_name": "persistent-disk-0",
                "disk_encryption_key_raw": "",
                "disk_encryption_key_sha256": "",
                "initialize_params": [
                  {
                    "image": "https://www.googleapis.com/compute/v1/projects/debian-cloud/global/images/debian-9-stretch-v20211209",
                    "labels": {},
                    "size": 10,
                    "type": "pd-standard"
                  }
                ],
                "kms_key_self_link": "",
                "mode": "READ_WRITE",
                "source": "https://www.googleapis.com/compute/v1/projects/gcp-final-338018/zones/asia-east1-b/disks/private-vm"
              }
            ],
            "can_ip_forward": false,
            "confidential_instance_config": [],
            "cpu_platform": "Intel Broadwell",
            "current_status": "RUNNING",
            "deletion_protection": false,
            "description": "",
            "desired_status": null,
            "enable_display": false,
            "guest_accelerator": [],
            "hostname": "",
            "id": "projects/gcp-final-338018/zones/asia-east1-b/instances/private-vm",
            "instance_id": "2463606554301203076",
            "label_fingerprint": "42WmSpB8rSM=",
            "labels": null,
            "machine_type": "e2-micro",
            "metadata": null,
            "metadata_fingerprint": "S-OtQCnXLf0=",
            "metadata_startup_script": null,
            "min_cpu_platform": "",
            "name": "private-vm",
            "network_interface": [
              {
                "access_config": [],
                "alias_ip_range": [],
                "ipv6_access_config": [],
                "ipv6_access_type": "",
                "name": "nic0",
                "network": "https://www.googleapis.com/compute/v1/projects/gcp-final-338018/global/networks/main-vpc",
                "network_ip": "10.0.1.2",
                "nic_type": "",
                "queue_count": 0,
                "stack_type": "IPV4_ONLY",
                "subnetwork": "https://www.googleapis.com/compute/v1/projects/gcp-final-338018/regions/asia-east1/subnetworks/managedsubnet",
                "subnetwork_project": "gcp-final-338018"
              }
            ],
            "project": "gcp-final-338018",
            "reservation_affinity": [],
            "resource_policies": null,
            "scheduling": [
              {
                "automatic_restart": true,
                "min_node_cpus": 0,
                "node_affinities": [],
                "on_host_maintenance": "MIGRATE",
                "preemptible": false
              }
            ],
            "scratch_disk": [],
            "self_link": "https://www.googleapis.com/compute/v1/projects/gcp-final-338018/zones/asia-east1-b/instances/private-vm",
            "service_account": [
              {
                "email": "private-vm-sa@gcp-final-338018.iam.gserviceaccount.com",
                "scopes": [
                  "https://www.googleapis.com/auth/cloud-platform"
                ]
              }
            ],
            "shielded_instance_config": [],
            "tags": null,
            "tags_fingerprint": "42WmSpB8rSM=",
            "timeouts": null,
            "zone": "asia-east1-b"
          },
          "sensitive_attributes": [],
          "private": "eyJlMmJmYjczMC1lY2FhLTExZTYtOGY4OC0zNDM2M2JjN2M0YzAiOnsiY3JlYXRlIjoxMjAwMDAwMDAwMDAwLCJkZWxldGUiOjEyMDAwMDAwMDAwMDAsInVwZGF0ZSI6MTIwMDAwMDAwMDAwMH0sInNjaGVtYV92ZXJzaW9uIjoiNiJ9",
          "dependencies": [
            "google_compute_network.my_vpc",
            "google_compute_subnetwork.managed-subnet",
            "google_service_account.private-vm-sa"
          ]
        }
      ]
    },
    {
      "mode": "managed",
      "type": "google_compute_network",
      "name": "my_vpc",
      "provider": "provider[\"registry.terraform.io/hashicorp/google\"]",
      "instances": [
        {
          "schema_version": 0,
          "attributes": {
            "auto_create_subnetworks": false,
            "delete_default_routes_on_create": false,
            "description": "",
            "gateway_ipv4": "",
            "id": "projects/gcp-final-338018/global/networks/main-vpc",
            "mtu": 0,
            "name": "main-vpc",
            "project": "gcp-final-338018",
            "routing_mode": "REGIONAL",
            "self_link": "https://www.googleapis.com/compute/v1/projects/gcp-final-338018/global/networks/main-vpc",
            "timeouts": null
          },
          "sensitive_attributes": [],
          "private": "eyJlMmJmYjczMC1lY2FhLTExZTYtOGY4OC0zNDM2M2JjN2M0YzAiOnsiY3JlYXRlIjoyNDAwMDAwMDAwMDAsImRlbGV0ZSI6MjQwMDAwMDAwMDAwLCJ1cGRhdGUiOjI0MDAwMDAwMDAwMH19"
        }
      ]
    },
    {
      "mode": "managed",
      "type": "google_compute_router",
      "name": "router",
      "provider": "provider[\"registry.terraform.io/hashicorp/google\"]",
      "instances": [
        {
          "schema_version": 0,
          "attributes": {
            "bgp": [
              {
                "advertise_mode": "DEFAULT",
                "advertised_groups": null,
                "advertised_ip_ranges": [],
                "asn": 64514
              }
            ],
            "creation_timestamp": "2022-01-12T12:39:07.851-08:00",
            "description": "",
            "encrypted_interconnect_router": false,
            "id": "projects/gcp-final-338018/regions/asia-east1/routers/router",
            "name": "router",
            "network": "https://www.googleapis.com/compute/v1/projects/gcp-final-338018/global/networks/main-vpc",
            "project": "gcp-final-338018",
            "region": "asia-east1",
            "self_link": "https://www.googleapis.com/compute/v1/projects/gcp-final-338018/regions/asia-east1/routers/router",
            "timeouts": null
          },
          "sensitive_attributes": [],
          "private": "eyJlMmJmYjczMC1lY2FhLTExZTYtOGY4OC0zNDM2M2JjN2M0YzAiOnsiY3JlYXRlIjoyNDAwMDAwMDAwMDAsImRlbGV0ZSI6MjQwMDAwMDAwMDAwLCJ1cGRhdGUiOjI0MDAwMDAwMDAwMH19",
          "dependencies": [
            "google_compute_network.my_vpc",
            "google_compute_subnetwork.managed-subnet"
          ]
        }
      ]
    },
    {
      "mode": "managed",
      "type": "google_compute_router_nat",
      "name": "nat_gateway",
      "provider": "provider[\"registry.terraform.io/hashicorp/google\"]",
      "instances": [
        {
          "schema_version": 0,
          "attributes": {
            "drain_nat_ips": null,
            "enable_endpoint_independent_mapping": true,
            "icmp_idle_timeout_sec": 30,
            "id": "gcp-final-338018/asia-east1/router/nat",
            "log_config": [],
            "min_ports_per_vm": 0,
            "name": "nat",
            "nat_ip_allocate_option": "AUTO_ONLY",
            "nat_ips": null,
            "project": "gcp-final-338018",
            "region": "asia-east1",
            "router": "router",
            "source_subnetwork_ip_ranges_to_nat": "LIST_OF_SUBNETWORKS",
            "subnetwork": [
              {
                "name": "projects/gcp-final-338018/regions/asia-east1/subnetworks/managedsubnet",
                "secondary_ip_range_names": [],
                "source_ip_ranges_to_nat": [
                  "ALL_IP_RANGES"
                ]
              }
            ],
            "tcp_established_idle_timeout_sec": 1200,
            "tcp_transitory_idle_timeout_sec": 30,
            "timeouts": null,
            "udp_idle_timeout_sec": 30
          },
          "sensitive_attributes": [],
          "private": "eyJlMmJmYjczMC1lY2FhLTExZTYtOGY4OC0zNDM2M2JjN2M0YzAiOnsiY3JlYXRlIjo2MDAwMDAwMDAwMDAsImRlbGV0ZSI6NjAwMDAwMDAwMDAwLCJ1cGRhdGUiOjYwMDAwMDAwMDAwMH19",
          "dependencies": [
            "google_compute_network.my_vpc",
            "google_compute_router.router",
            "google_compute_subnetwork.managed-subnet"
          ]
        }
      ]
    },
    {
      "mode": "managed",
      "type": "google_compute_subnetwork",
      "name": "managed-subnet",
      "provider": "provider[\"registry.terraform.io/hashicorp/google\"]",
      "instances": [
        {
          "schema_version": 0,
          "attributes": {
            "creation_timestamp": "2022-01-12T12:38:43.783-08:00",
            "description": "",
            "external_ipv6_prefix": "",
            "fingerprint": null,
            "gateway_address": "10.0.1.1",
            "id": "projects/gcp-final-338018/regions/asia-east1/subnetworks/managedsubnet",
            "ip_cidr_range": "10.0.1.0/24",
            "ipv6_access_type": "",
            "ipv6_cidr_range": "",
            "log_config": [],
            "name": "managedsubnet",
            "network": "https://www.googleapis.com/compute/v1/projects/gcp-final-338018/global/networks/main-vpc",
            "private_ip_google_access": false,
            "private_ipv6_google_access": "DISABLE_GOOGLE_ACCESS",
            "project": "gcp-final-338018",
            "purpose": "PRIVATE",
            "region": "asia-east1",
            "role": "",
            "secondary_ip_range": [],
            "self_link": "https://www.googleapis.com/compute/v1/projects/gcp-final-338018/regions/asia-east1/subnetworks/managedsubnet",
            "stack_type": "IPV4_ONLY",
            "timeouts": null
          },
          "sensitive_attributes": [],
          "private": "eyJlMmJmYjczMC1lY2FhLTExZTYtOGY4OC0zNDM2M2JjN2M0YzAiOnsiY3JlYXRlIjozNjAwMDAwMDAwMDAsImRlbGV0ZSI6MzYwMDAwMDAwMDAwLCJ1cGRhdGUiOjM2MDAwMDAwMDAwMH19",
          "dependencies": [
            "google_compute_network.my_vpc"
          ]
        }
      ]
    },
    {
      "mode": "managed",
      "type": "google_compute_subnetwork",
      "name": "restricted-subnet",
      "provider": "provider[\"registry.terraform.io/hashicorp/google\"]",
      "instances": [
        {
          "schema_version": 0,
          "attributes": {
            "creation_timestamp": "2022-01-12T12:38:42.511-08:00",
            "description": "",
            "external_ipv6_prefix": "",
            "fingerprint": null,
            "gateway_address": "10.0.2.1",
            "id": "projects/gcp-final-338018/regions/asia-east1/subnetworks/restrictedsubnet",
            "ip_cidr_range": "10.0.2.0/24",
            "ipv6_access_type": "",
            "ipv6_cidr_range": "",
            "log_config": [],
            "name": "restrictedsubnet",
            "network": "https://www.googleapis.com/compute/v1/projects/gcp-final-338018/global/networks/main-vpc",
            "private_ip_google_access": false,
            "private_ipv6_google_access": "DISABLE_GOOGLE_ACCESS",
            "project": "gcp-final-338018",
            "purpose": "PRIVATE",
            "region": "asia-east1",
            "role": "",
            "secondary_ip_range": [],
            "self_link": "https://www.googleapis.com/compute/v1/projects/gcp-final-338018/regions/asia-east1/subnetworks/restrictedsubnet",
            "stack_type": "IPV4_ONLY",
            "timeouts": null
          },
          "sensitive_attributes": [],
          "private": "eyJlMmJmYjczMC1lY2FhLTExZTYtOGY4OC0zNDM2M2JjN2M0YzAiOnsiY3JlYXRlIjozNjAwMDAwMDAwMDAsImRlbGV0ZSI6MzYwMDAwMDAwMDAwLCJ1cGRhdGUiOjM2MDAwMDAwMDAwMH19",
          "dependencies": [
            "google_compute_network.my_vpc"
          ]
        }
      ]
    },
    {
      "mode": "managed",
      "type": "google_container_cluster",
      "name": "cluster-shepl",
      "provider": "provider[\"registry.terraform.io/hashicorp/google\"]",
      "instances": [
        {
          "schema_version": 1,
          "attributes": {
            "addons_config": [
              {
                "cloudrun_config": [],
                "horizontal_pod_autoscaling": [],
                "http_load_balancing": [],
                "network_policy_config": [
                  {
                    "disabled": true
                  }
                ]
              }
            ],
            "authenticator_groups_config": [],
            "cluster_autoscaling": [
              {
                "auto_provisioning_defaults": [],
                "enabled": false,
                "resource_limits": []
              }
            ],
            "cluster_ipv4_cidr": "10.12.240.0/21",
            "confidential_nodes": [],
            "database_encryption": [
              {
                "key_name": "",
                "state": "DECRYPTED"
              }
            ],
            "datapath_provider": "",
            "default_max_pods_per_node": 110,
            "default_snat_status": [
              {
                "disabled": false
              }
            ],
            "description": "",
            "enable_autopilot": false,
            "enable_binary_authorization": false,
            "enable_intranode_visibility": false,
            "enable_kubernetes_alpha": false,
            "enable_legacy_abac": false,
            "enable_shielded_nodes": true,
            "enable_tpu": false,
            "endpoint": "172.16.0.2",
            "id": "projects/gcp-final-338018/locations/asia-east1/clusters/shepl-cluster",
            "initial_node_count": 1,
            "ip_allocation_policy": [
              {
                "cluster_ipv4_cidr_block": "10.12.240.0/21",
                "cluster_secondary_range_name": "gke-shepl-cluster-pods-a116bdc4",
                "services_ipv4_cidr_block": "10.12.248.0/21",
                "services_secondary_range_name": "gke-shepl-cluster-services-a116bdc4"
              }
            ],
            "label_fingerprint": "a9dc16a7",
            "location": "asia-east1",
            "logging_config": [
              {
                "enable_components": [
                  "SYSTEM_COMPONENTS",
                  "WORKLOADS"
                ]
              }
            ],
            "logging_service": "logging.googleapis.com/kubernetes",
            "maintenance_policy": [],
            "master_auth": [
              {
                "client_certificate": "",
                "client_certificate_config": [
                  {
                    "issue_client_certificate": false
                  }
                ],
                "client_key": "",
                "cluster_ca_certificate": "LS0tLS1CRUdJTiBDRVJUSUZJQ0FURS0tLS0tCk1JSUVMRENDQXBTZ0F3SUJBZ0lRVmxaS0xzVjJrNmZDVzBzZTN4SDEwekFOQmdrcWhraUc5dzBCQVFzRkFEQXYKTVMwd0t3WURWUVFERXlReE5tRTBZVEZoT1MxbFl6RXdMVFJpWkdFdE9HTmtPUzFpTkRVeVpEVXdZamczTkdJdwpJQmNOTWpJd01URXlNVGt6T1RFd1doZ1BNakExTWpBeE1EVXlNRE01TVRCYU1DOHhMVEFyQmdOVkJBTVRKREUyCllUUmhNV0U1TFdWak1UQXROR0prWVMwNFkyUTVMV0kwTlRKa05UQmlPRGMwWWpDQ0FhSXdEUVlKS29aSWh2Y04KQVFFQkJRQURnZ0dQQURDQ0FZb0NnZ0dCQUxmY2hxcDVGUEE2QkF5d0NlOEQxVCs1aEZMUlFkM05BenVybm1qdgpiZElNd0lIU2lYN2VLTlhwTGt2MEFURWptdUlMMmlJZWdYOFNtN0kzZnlyM3FHQlN4ZEhKaDdGTGc2dXRoL05pCk1mMXorTnJuSEdLQncvdCtrNkhHdTBCcWxIdWtnSUFPZDVCNmNTZ2orNXNWYUJaWitsQTBuK2hFUGlqRUd1Y0QKeWZGbnJyeGFYMjk2aEdxYUlkN3dzUEpXZDVWRjM0cWQyeUtOSkgxOEtITkRRMTJUM0pEb1JQcEhGaWtqM2M5egpINjhzdnMrRmhxSFVBdmp4bHkyQ2pkUHpWUlZoZFIzSFYrbzhiTlRhOTRCU3hrS3puV0t5WFE0RVpSMEZZUWlOCjZ2eExMWEZGUENNblRzUmYwTlVJamg2NnNRMTNJVTBXLy9KbW0wWTJ6LytNZGRmTVB5S1VPMGFjOVkwR2xJN3UKSHpBTklTdnh2S2hZR2dESThpNWZyeC9PbFRqRCtLeGFPT09LL2Z4QVhhYVcxWTV0RTBmWExySUhtZS9pbnZrSgp0T0tNMnpMOHR1M3ZvUG1jMGNtelVraHhQUGRRVXVvS3pFN1lZUGo2RjB5QVRKUkxpNTdXNENZemRsVmRWN3RyCnQ0aE1LMnN3d1h5UTRwRWlOYURrZ3YzVWd3SURBUUFCbzBJd1FEQU9CZ05WSFE4QkFmOEVCQU1DQWdRd0R3WUQKVlIwVEFRSC9CQVV3QXdFQi96QWRCZ05WSFE0RUZnUVVPS29aa0QxeTlpT283NENJQkJGdGRveDRvbG93RFFZSgpLb1pJaHZjTkFRRUxCUUFEZ2dHQkFFU21mcGt5VjBWYkRoTUhVaWN4Zk53QUdsVFFIYXVSNlZnVHZzNHFyMG1aCmpxcmhtM0ZFL05JaitjN3FoWGtsL3RaUU9rUmQ5WXFEekFHVHU4SFExaGRrQ2Vma3dTT0dCaU9wOE5tUUEvcCsKVGhrNkMzaTFQWnYzMGc5Zk5Qc0M4MlhYL2IvZmxzNnkzRkxkckwvL2E0SFJDZEhKSHFtMFdZMFhDZGZuU0d2YQpTR2NLT0Urck9ZbVNrVlZlTkVidXpSYUdLdmpURTNtUVkza01RZ2dHdWd4aDdZQytJY2FqTXdMMmlMSC96d1FqCjk4OExnek1ub3JKQWFaNUFvWFJvbDNGdGdzRk9JUmR1WEV3TlVQaWZobzZrcWE4ZUE0M294aGtKU0FaUzF6MkIKeTJmeXBQSFEwTEg0T0puTlk1SkdOaXRJWUdXcFQ0a3djTC95aGlab1FBYTdGSm9Qcnkrb3BzYlpzUTZ3cXU5OApORG1JK3JDcDRuVmFpUWVvM0ZqYjMwQUx3NHZVYnJMQWpCOUl5NU1yQ3laYjZoSXNnUGpiWXFmUDFqcG0valhFCkxjWjhjdnhtaVk0N1dUekZleHFFdEhGRnBVc2JnY01EVTlsVzcrenVCTklEOEtXaSt5UDdpVnZVdC9KT1hBRFYKR2RhOWw1bEJ3YXRNYkhwQ1liRTBhQT09Ci0tLS0tRU5EIENFUlRJRklDQVRFLS0tLS0K"
              }
            ],
            "master_authorized_networks_config": [
              {
                "cidr_blocks": [
                  {
                    "cidr_block": "10.0.1.0/24",
                    "display_name": ""
                  }
                ]
              }
            ],
            "master_version": "1.21.5-gke.1302",
            "min_master_version": null,
            "monitoring_config": [
              {
                "enable_components": [
                  "SYSTEM_COMPONENTS"
                ]
              }
            ],
            "monitoring_service": "monitoring.googleapis.com/kubernetes",
            "name": "shepl-cluster",
            "network": "projects/gcp-final-338018/global/networks/main-vpc",
            "network_policy": [
              {
                "enabled": false,
                "provider": "PROVIDER_UNSPECIFIED"
              }
            ],
            "networking_mode": "VPC_NATIVE",
            "node_config": [],
            "node_locations": [
              "asia-east1-a",
              "asia-east1-b",
              "asia-east1-c"
            ],
            "node_pool": [],
            "node_version": "1.21.5-gke.1302",
            "operation": null,
            "private_cluster_config": [
              {
                "enable_private_endpoint": true,
                "enable_private_nodes": true,
                "master_global_access_config": [
                  {
                    "enabled": false
                  }
                ],
                "master_ipv4_cidr_block": "172.16.0.0/28",
                "peering_name": "gke-nbd9519c603d074d7632-0052-3c67-peer",
                "private_endpoint": "172.16.0.2",
                "public_endpoint": "34.80.142.88"
              }
            ],
            "private_ipv6_google_access": "",
            "project": "gcp-final-338018",
            "release_channel": [
              {
                "channel": "REGULAR"
              }
            ],
            "remove_default_node_pool": true,
            "resource_labels": null,
            "resource_usage_export_config": [],
            "self_link": "https://container.googleapis.com/v1/projects/gcp-final-338018/locations/asia-east1/clusters/shepl-cluster",
            "services_ipv4_cidr": "10.12.248.0/21",
            "subnetwork": "projects/gcp-final-338018/regions/asia-east1/subnetworks/restrictedsubnet",
            "timeouts": null,
            "tpu_ipv4_cidr_block": "",
            "vertical_pod_autoscaling": [],
            "workload_identity_config": []
          },
          "sensitive_attributes": [],
          "private": "eyJlMmJmYjczMC1lY2FhLTExZTYtOGY4OC0zNDM2M2JjN2M0YzAiOnsiY3JlYXRlIjoyNDAwMDAwMDAwMDAwLCJkZWxldGUiOjI0MDAwMDAwMDAwMDAsInJlYWQiOjI0MDAwMDAwMDAwMDAsInVwZGF0ZSI6MzYwMDAwMDAwMDAwMH0sInNjaGVtYV92ZXJzaW9uIjoiMSJ9",
          "dependencies": [
            "google_compute_network.my_vpc",
            "google_compute_subnetwork.restricted-subnet"
          ]
        }
      ]
    },
    {
      "mode": "managed",
      "type": "google_container_node_pool",
      "name": "cluster-nodes",
      "provider": "provider[\"registry.terraform.io/hashicorp/google\"]",
      "instances": [
        {
          "schema_version": 1,
          "attributes": {
            "autoscaling": [],
            "cluster": "shepl-cluster",
            "id": "projects/gcp-final-338018/locations/asia-east1/clusters/shepl-cluster/nodePools/solo-node",
            "initial_node_count": 1,
            "instance_group_urls": [
              "https://www.googleapis.com/compute/v1/projects/gcp-final-338018/zones/asia-east1-c/instanceGroupManagers/gke-shepl-cluster-solo-node-5d52ee1a-grp",
              "https://www.googleapis.com/compute/v1/projects/gcp-final-338018/zones/asia-east1-a/instanceGroupManagers/gke-shepl-cluster-solo-node-c11fe572-grp",
              "https://www.googleapis.com/compute/v1/projects/gcp-final-338018/zones/asia-east1-b/instanceGroupManagers/gke-shepl-cluster-solo-node-32329a47-grp"
            ],
            "location": "asia-east1",
            "managed_instance_group_urls": [
              "https://www.googleapis.com/compute/v1/projects/gcp-final-338018/zones/asia-east1-c/instanceGroups/gke-shepl-cluster-solo-node-5d52ee1a-grp",
              "https://www.googleapis.com/compute/v1/projects/gcp-final-338018/zones/asia-east1-a/instanceGroups/gke-shepl-cluster-solo-node-c11fe572-grp",
              "https://www.googleapis.com/compute/v1/projects/gcp-final-338018/zones/asia-east1-b/instanceGroups/gke-shepl-cluster-solo-node-32329a47-grp"
            ],
            "management": [
              {
                "auto_repair": true,
                "auto_upgrade": true
              }
            ],
            "max_pods_per_node": 110,
            "name": "solo-node",
            "name_prefix": "",
            "node_config": [
              {
                "boot_disk_kms_key": "",
                "disk_size_gb": 100,
                "disk_type": "pd-standard",
                "gcfs_config": [],
                "guest_accelerator": [],
                "image_type": "COS_CONTAINERD",
                "labels": {},
                "local_ssd_count": 0,
                "machine_type": "e2-micro",
                "metadata": {
                  "disable-legacy-endpoints": "true"
                },
                "min_cpu_platform": "",
                "node_group": "",
                "oauth_scopes": [
                  "https://www.googleapis.com/auth/logging.write",
                  "https://www.googleapis.com/auth/monitoring"
                ],
                "preemptible": false,
                "service_account": "service-account-id@gcp-final-338018.iam.gserviceaccount.com",
                "shielded_instance_config": [
                  {
                    "enable_integrity_monitoring": true,
                    "enable_secure_boot": false
                  }
                ],
                "tags": null,
                "taint": [],
                "workload_metadata_config": []
              }
            ],
            "node_count": 1,
            "node_locations": [
              "asia-east1-a",
              "asia-east1-b",
              "asia-east1-c"
            ],
            "operation": null,
            "project": "gcp-final-338018",
            "timeouts": null,
            "upgrade_settings": [
              {
                "max_surge": 1,
                "max_unavailable": 0
              }
            ],
            "version": "1.21.5-gke.1302"
          },
          "sensitive_attributes": [],
          "private": "eyJlMmJmYjczMC1lY2FhLTExZTYtOGY4OC0zNDM2M2JjN2M0YzAiOnsiY3JlYXRlIjoxODAwMDAwMDAwMDAwLCJkZWxldGUiOjE4MDAwMDAwMDAwMDAsInVwZGF0ZSI6MTgwMDAwMDAwMDAwMH0sInNjaGVtYV92ZXJzaW9uIjoiMSJ9",
          "dependencies": [
            "google_compute_network.my_vpc",
            "google_compute_subnetwork.restricted-subnet",
            "google_container_cluster.cluster-shepl",
            "google_service_account.cluster-sa"
          ]
        }
      ]
    },
    {
      "mode": "managed",
      "type": "google_project_iam_binding",
      "name": "cluster-project",
      "provider": "provider[\"registry.terraform.io/hashicorp/google\"]",
      "instances": [
        {
          "schema_version": 0,
          "attributes": {
            "condition": [],
            "etag": "BwXVaI28CcU=",
            "id": "gcp-final-338018/roles/container.admin",
            "members": [
              "serviceAccount:service-account-id@gcp-final-338018.iam.gserviceaccount.com"
            ],
            "project": "gcp-final-338018",
            "role": "roles/container.admin"
          },
          "sensitive_attributes": [],
          "private": "bnVsbA==",
          "dependencies": [
            "google_service_account.cluster-sa"
          ]
        }
      ]
    },
    {
      "mode": "managed",
      "type": "google_project_iam_binding",
      "name": "vm-project",
      "provider": "provider[\"registry.terraform.io/hashicorp/google\"]",
      "instances": [
        {
          "schema_version": 0,
          "attributes": {
            "condition": [],
            "etag": "BwXVaI28CcU=",
            "id": "gcp-final-338018/roles/container.admin",
            "members": [
              "serviceAccount:private-vm-sa@gcp-final-338018.iam.gserviceaccount.com"
            ],
            "project": "gcp-final-338018",
            "role": "roles/container.admin"
          },
          "sensitive_attributes": [],
          "private": "bnVsbA==",
          "dependencies": [
            "google_service_account.private-vm-sa"
          ]
        }
      ]
    },
    {
      "mode": "managed",
      "type": "google_service_account",
      "name": "cluster-sa",
      "provider": "provider[\"registry.terraform.io/hashicorp/google\"]",
      "instances": [
        {
          "schema_version": 0,
          "attributes": {
            "account_id": "service-account-id",
            "description": "",
            "disabled": false,
            "display_name": "c-service-account",
            "email": "service-account-id@gcp-final-338018.iam.gserviceaccount.com",
            "id": "projects/gcp-final-338018/serviceAccounts/service-account-id@gcp-final-338018.iam.gserviceaccount.com",
            "name": "projects/gcp-final-338018/serviceAccounts/service-account-id@gcp-final-338018.iam.gserviceaccount.com",
            "project": "gcp-final-338018",
            "timeouts": null,
            "unique_id": "105827692644358523948"
          },
          "sensitive_attributes": [],
          "private": "eyJlMmJmYjczMC1lY2FhLTExZTYtOGY4OC0zNDM2M2JjN2M0YzAiOnsiY3JlYXRlIjozMDAwMDAwMDAwMDB9fQ=="
        }
      ]
    },
    {
      "mode": "managed",
      "type": "google_service_account",
      "name": "private-vm-sa",
      "provider": "provider[\"registry.terraform.io/hashicorp/google\"]",
      "instances": [
        {
          "schema_version": 0,
          "attributes": {
            "account_id": "private-vm-sa",
            "description": "",
            "disabled": false,
            "display_name": "mv-service-account",
            "email": "private-vm-sa@gcp-final-338018.iam.gserviceaccount.com",
            "id": "projects/gcp-final-338018/serviceAccounts/private-vm-sa@gcp-final-338018.iam.gserviceaccount.com",
            "name": "projects/gcp-final-338018/serviceAccounts/private-vm-sa@gcp-final-338018.iam.gserviceaccount.com",
            "project": "gcp-final-338018",
            "timeouts": null,
            "unique_id": "114148608316253418970"
          },
          "sensitive_attributes": [],
          "private": "eyJlMmJmYjczMC1lY2FhLTExZTYtOGY4OC0zNDM2M2JjN2M0YzAiOnsiY3JlYXRlIjozMDAwMDAwMDAwMDB9fQ=="
        }
      ]
    }
  ]
}
